
Microsoft Visual Studio Solution File, Format Version 12.00
# Visual Studio Version 16
VisualStudioVersion = 16.0.30503.244
MinimumVisualStudioVersion = 10.0.40219.1
Project("{FAE04EC0-301F-11D3-BF4B-00C04F79EFBC}") = "07_morse_code", "07_morse_code.csproj", "{1E94B72C-5F2A-4051-86FE-E99F2FC8916C}"
EndProject
Global
	GlobalSection(SolutionConfigurationPlatforms) = preSolution
		Debug|Any CPU = Debug|Any CPU
		Release|Any CPU = Release|Any CPU
	EndGlobalSection
	GlobalSection(ProjectConfigurationPlatforms) = postSolution
		{1E94B72C-5F2A-4051-86FE-E99F2FC8916C}.Debug|Any CPU.ActiveCfg = Debug|Any CPU
		{1E94B72C-5F2A-4051-86FE-E99F2FC8916C}.Debug|Any CPU.Build.0 = Debug|Any CPU
		{1E94B72C-5F2A-4051-86FE-E99F2FC8916C}.Release|Any CPU.ActiveCfg = Release|Any CPU
		{1E94B72C-5F2A-4051-86FE-E99F2FC8916C}.Release|Any CPU.Build.0 = Release|Any CPU
	EndGlobalSection
	GlobalSection(SolutionProperties) = preSolution
		HideSolutionNode = FALSE
	EndGlobalSection
	GlobalSection(ExtensibilityGlobals) = postSolution
		SolutionGuid = {53BF00E2-5DBA-4B81-B10F-80B063F0CEB9}
	EndGlobalSection
EndGlobal
